{
  "name": "twill",
  "version": "0.5.0",
  "lockfileVersion": 3,
  "requires": true,
  "packages": {
    "": {
      "name": "twill",
      "version": "0.5.0",
      "license": "MIT",
      "dependencies": {
        "@swiftuijs/twill": "file:./twill-typescript-plugin"
      },
      "engines": {
        "vscode": "^1.95.0"
      }
    },
    "node_modules/@swiftuijs/twill": {
      "resolved": "twill-typescript-plugin",
      "link": true
    },
    "twill-typescript-plugin": {
      "name": "@swiftuijs/twill",
      "version": "0.5.0"
    }
  }
}
